
Microsoft Visual Studio Solution File, Format Version 12.00
# Visual Studio 15
VisualStudioVersion = 15.0.28010.2003
MinimumVisualStudioVersion = 10.0.40219.1
Project("{FAE04EC0-301F-11D3-BF4B-00C04F79EFBC}") = "lab6", "lab6\lab6.csproj", "{95FDAAAC-271B-49C6-98B0-5C7CA8825AED}"
EndProject
Global
	GlobalSection(SolutionConfigurationPlatforms) = preSolution
		Debug|Any CPU = Debug|Any CPU
		Release|Any CPU = Release|Any CPU
	EndGlobalSection
	GlobalSection(ProjectConfigurationPlatforms) = postSolution
		{95FDAAAC-271B-49C6-98B0-5C7CA8825AED}.Debug|Any CPU.ActiveCfg = Debug|Any CPU
		{95FDAAAC-271B-49C6-98B0-5C7CA8825AED}.Debug|Any CPU.Build.0 = Debug|Any CPU
		{95FDAAAC-271B-49C6-98B0-5C7CA8825AED}.Release|Any CPU.ActiveCfg = Release|Any CPU
		{95FDAAAC-271B-49C6-98B0-5C7CA8825AED}.Release|Any CPU.Build.0 = Release|Any CPU
	EndGlobalSection
	GlobalSection(SolutionProperties) = preSolution
		HideSolutionNode = FALSE
	EndGlobalSection
	GlobalSection(ExtensibilityGlobals) = postSolution
		SolutionGuid = {DB968008-F9CC-415F-B990-D336459BCBA6}
	EndGlobalSection
EndGlobal
